{
  "version": 4,
  "terraform_version": "0.12.24",
  "serial": 3,
  "lineage": "e0ab178a-a581-d663-8b32-98f3921c0352",
  "outputs": {},
  "resources": [
    {
      "module": "module.kubernetes",
      "mode": "managed",
      "type": "google_container_cluster",
      "name": "primary",
      "provider": "module.kubernetes.provider.google",
      "instances": [
        {
          "schema_version": 1,
          "attributes": {
            "additional_zones": [],
            "addons_config": [
              {
                "horizontal_pod_autoscaling": [],
                "http_load_balancing": [],
                "kubernetes_dashboard": [],
                "network_policy_config": [
                  {
                    "disabled": true
                  }
                ]
              }
            ],
            "authenticator_groups_config": [],
            "cluster_autoscaling": [
              {
                "auto_provisioning_defaults": [],
                "enabled": false,
                "resource_limits": []
              }
            ],
            "cluster_ipv4_cidr": "10.0.0.0/14",
            "default_max_pods_per_node": 110,
            "description": "",
            "enable_binary_authorization": false,
            "enable_intranode_visibility": null,
            "enable_kubernetes_alpha": false,
            "enable_legacy_abac": false,
            "enable_tpu": null,
            "endpoint": "34.69.28.200",
            "id": "projects/mlevostre-project/locations/us-central1/clusters/mlevostre-kubernetes-cluster",
            "initial_node_count": 1,
            "instance_group_urls": [],
            "ip_allocation_policy": [],
            "label_fingerprint": "a9dc16a7",
            "location": "us-central1",
            "logging_service": "logging.googleapis.com/kubernetes",
            "maintenance_policy": [],
            "master_auth": [
              {
                "client_certificate": "",
                "client_certificate_config": [
                  {
                    "issue_client_certificate": false
                  }
                ],
                "client_key": "",
                "cluster_ca_certificate": "LS0tLS1CRUdJTiBDRVJUSUZJQ0FURS0tLS0tCk1JSURERENDQWZTZ0F3SUJBZ0lSQUpieHRlZEtwdEFyVGNlTS9VOFYva013RFFZSktvWklodmNOQVFFTEJRQXcKTHpFdE1Dc0dBMVVFQXhNa1pqZ3habUV3T0RNdFlUTmtOaTAwTVdGbUxXRTNNemN0WWpsaU5USXpZakEzWTJVeApNQjRYRFRJd01EVXdPVEV4TWpZeE1Gb1hEVEkxTURVd09ERXlNall4TUZvd0x6RXRNQ3NHQTFVRUF4TWtaamd4ClptRXdPRE10WVROa05pMDBNV0ZtTFdFM016Y3RZamxpTlRJellqQTNZMlV4TUlJQklqQU5CZ2txaGtpRzl3MEIKQVFFRkFBT0NBUThBTUlJQkNnS0NBUUVBdVMwS3NMS3Y1T3NGd2hTaW1BS1lWUXRGbEcvSE41YlJhT2N3eEFFMgpqR2pIc1l2cEVOTTBXRHlWWW5ncVJIMXdmUVhUemtoVk9HeXBTQzVoVS9UMEhlSk41TEVkNWtPODVBZ2hWV2tzCk82aFZ1VENpOUs4TWlYMXN0N3p3clpwMC9md2M5WEVyZytPdGlMSGdEcGRHOXp6WUlrMk1jZHFjbWFQNVp1R3oKaUZ5R3U4aDUrMFhGSENoTlR1bHhjc0JmR1dzc0dwZnBxUnZFaXFacStuRnZMWVNPamFTN0phcGU1RE84QmZaRwpnZ0M3dkhjNkVncGR4UmZlMlBRc0IyMnNTVXd3UG5GR1dtNDkxL0lyLzk4NkVJc2FidzAwK2tTRXluZHByWmdwCmlzYm9lSkpMQXdjU3dOU1lXQVJqZFRWdHNqbXAzNzMyVlBpZ0liQ0VWOENLTXdJREFRQUJveU13SVRBT0JnTlYKSFE4QkFmOEVCQU1DQWdRd0R3WURWUjBUQVFIL0JBVXdBd0VCL3pBTkJna3Foa2lHOXcwQkFRc0ZBQU9DQVFFQQpBaDlRYXhYWis4RCtVbHAwK085ZDlJS3UxVllldzdBdjNZdFlteHdyem9hTFVqak9rVjMxNklzYzNGUFZPOUVmCkFkcWsyMWxoUGtiN2RpMHFMR1pEbnJnSHlnS254a29zN3NQa0RSbmpKdkIxQmxOMExUa1M1aXZSb09RZXdzVGIKRW51ajhlS2ZoOFBXWXgzS0h0ZzYzc214eFp3ZktySEtsS0k1elZKVXBycU5pUTlUZHB3VTZ2UHdKYmRzemRCZgpHbktML2hiekZNS2hMYzNCWFZWOFl5clhwWXJ2RlY5Rm5EVkpiUUFkYmwzdTJPWVNMeDFwZnFyMkY1dHp3dk1xCmpON3V2NkhxdUlON2d1VkdQVkwraGw1VUp0QmU5eW9aNDAyeFJuU2FJazlROTNqRDh1MEx3UkFRWjlKdVExWTgKU29GSldSTFFURzFzMUo5am1rdi9vQT09Ci0tLS0tRU5EIENFUlRJRklDQVRFLS0tLS0K",
                "password": "",
                "username": ""
              }
            ],
            "master_authorized_networks_config": [],
            "master_version": "1.14.10-gke.27",
            "min_master_version": null,
            "monitoring_service": "monitoring.googleapis.com/kubernetes",
            "name": "mlevostre-kubernetes-cluster",
            "network": "projects/mlevostre-project/global/networks/default",
            "network_policy": [
              {
                "enabled": false,
                "provider": "PROVIDER_UNSPECIFIED"
              }
            ],
            "node_config": [],
            "node_locations": [
              "us-central1-a",
              "us-central1-b",
              "us-central1-c"
            ],
            "node_pool": [],
            "node_version": "1.14.10-gke.27",
            "operation": null,
            "pod_security_policy_config": null,
            "private_cluster_config": [],
            "project": "mlevostre-project",
            "region": null,
            "remove_default_node_pool": true,
            "resource_labels": null,
            "resource_usage_export_config": [],
            "services_ipv4_cidr": "10.3.240.0/20",
            "subnetwork": "projects/mlevostre-project/regions/us-central1/subnetworks/default",
            "timeouts": null,
            "vertical_pod_autoscaling": [],
            "zone": null
          },
          "private": "eyJlMmJmYjczMC1lY2FhLTExZTYtOGY4OC0zNDM2M2JjN2M0YzAiOnsiY3JlYXRlIjoyNDAwMDAwMDAwMDAwLCJkZWxldGUiOjI0MDAwMDAwMDAwMDAsInVwZGF0ZSI6MzYwMDAwMDAwMDAwMH0sInNjaGVtYV92ZXJzaW9uIjoiMSJ9"
        }
      ]
    },
    {
      "module": "module.kubernetes",
      "mode": "managed",
      "type": "google_container_node_pool",
      "name": "primary_preemptible_nodes",
      "provider": "module.kubernetes.provider.google",
      "instances": [
        {
          "schema_version": 1,
          "attributes": {
            "autoscaling": [],
            "cluster": "mlevostre-kubernetes-cluster",
            "id": "projects/mlevostre-project/locations/us-central1/clusters/mlevostre-kubernetes-cluster/nodePools/mlevostre-kubernetes-cluster-node-pool",
            "initial_node_count": 1,
            "instance_group_urls": [
              "https://www.googleapis.com/compute/v1/projects/mlevostre-project/zones/us-central1-a/instanceGroupManagers/gke-mlevostre-kubern-mlevostre-kubern-7f94e0ff-grp",
              "https://www.googleapis.com/compute/v1/projects/mlevostre-project/zones/us-central1-c/instanceGroupManagers/gke-mlevostre-kubern-mlevostre-kubern-74193236-grp",
              "https://www.googleapis.com/compute/v1/projects/mlevostre-project/zones/us-central1-b/instanceGroupManagers/gke-mlevostre-kubern-mlevostre-kubern-0f9af0e0-grp"
            ],
            "location": "us-central1",
            "management": [
              {
                "auto_repair": false,
                "auto_upgrade": true
              }
            ],
            "max_pods_per_node": null,
            "name": "mlevostre-kubernetes-cluster-node-pool",
            "name_prefix": "",
            "node_config": [
              {
                "disk_size_gb": 100,
                "disk_type": "pd-standard",
                "guest_accelerator": [],
                "image_type": "COS",
                "labels": {},
                "local_ssd_count": 0,
                "machine_type": "n1-standard-1",
                "metadata": {
                  "disable-legacy-endpoints": "true"
                },
                "min_cpu_platform": "",
                "oauth_scopes": [
                  "https://www.googleapis.com/auth/logging.write",
                  "https://www.googleapis.com/auth/monitoring"
                ],
                "preemptible": true,
                "sandbox_config": [],
                "service_account": "default",
                "shielded_instance_config": [
                  {
                    "enable_integrity_monitoring": true,
                    "enable_secure_boot": false
                  }
                ],
                "tags": null,
                "taint": [],
                "workload_metadata_config": []
              }
            ],
            "node_count": 1,
            "project": "mlevostre-project",
            "region": null,
            "timeouts": null,
            "upgrade_settings": [
              {
                "max_surge": 1,
                "max_unavailable": 0
              }
            ],
            "version": "1.14.10-gke.27",
            "zone": null
          },
          "private": "eyJlMmJmYjczMC1lY2FhLTExZTYtOGY4OC0zNDM2M2JjN2M0YzAiOnsiY3JlYXRlIjoxODAwMDAwMDAwMDAwLCJkZWxldGUiOjE4MDAwMDAwMDAwMDAsInVwZGF0ZSI6MTgwMDAwMDAwMDAwMH0sInNjaGVtYV92ZXJzaW9uIjoiMSJ9",
          "dependencies": [
            "module.kubernetes.google_container_cluster.primary"
          ]
        }
      ]
    }
  ]
}
