{
  "version": 4,
  "terraform_version": "0.12.24",
  "serial": 149,
  "lineage": "e0ab178a-a581-d663-8b32-98f3921c0352",
  "outputs": {},
  "resources": [
    {
      "module": "module.kubernetes.module.gke",
      "mode": "data",
      "type": "google_client_config",
      "name": "default",
      "provider": "module.kubernetes.provider.google",
      "instances": [
        {
          "schema_version": 0,
          "attributes": {
            "access_token": "ya29.c.KpYBygdnefn-qTLKSI499_v31flBHeQKQz6kPV6nXh9_XhLy5jfeAolLUuEl4U31skMr7CQ1oSs9T8ks7VNYF0SMZk2NuMkx32l6TAUNzdySNps9ko6ZttBegof_30WS--GufXe_YLaI3wTEwqG6lRqhSrJqb1xK_SsS6b5MfAiqKLkUiEuKU51TG1D6b5pRnqyK8_FOnqNF",
            "id": "2020-05-09 19:56:29.564445701 +0000 UTC",
            "project": "mlevostre-project",
            "region": "us-central1",
            "zone": ""
          }
        }
      ]
    },
    {
      "module": "module.kubernetes.module.gke",
      "mode": "data",
      "type": "google_compute_subnetwork",
      "name": "gke_subnetwork",
      "each": "list",
      "provider": "module.kubernetes.provider.google",
      "instances": []
    },
    {
      "module": "module.kubernetes.module.gke",
      "mode": "data",
      "type": "google_compute_zones",
      "name": "available",
      "provider": "module.kubernetes.provider.google",
      "instances": [
        {
          "schema_version": 0,
          "attributes": {
            "id": "2020-05-09 19:56:29.940715757 +0000 UTC",
            "names": [
              "us-central1-a",
              "us-central1-b",
              "us-central1-c",
              "us-central1-f"
            ],
            "project": "mlevostre-project",
            "region": "us-central1",
            "status": null
          }
        }
      ]
    },
    {
      "module": "module.kubernetes.module.gke",
      "mode": "data",
      "type": "google_container_engine_versions",
      "name": "region",
      "provider": "module.kubernetes.provider.google",
      "instances": [
        {
          "schema_version": 0,
          "attributes": {
            "default_cluster_version": "1.14.10-gke.27",
            "id": "2020-05-09 19:56:29.850203949 +0000 UTC",
            "latest_master_version": "1.15.11-gke.12",
            "latest_node_version": "1.16.8-gke.12",
            "location": "us-central1",
            "project": "mlevostre-project",
            "region": null,
            "valid_master_versions": [
              "1.15.11-gke.12",
              "1.15.11-gke.11",
              "1.15.11-gke.9",
              "1.15.11-gke.5",
              "1.15.11-gke.3",
              "1.15.9-gke.24",
              "1.14.10-gke.37",
              "1.14.10-gke.36",
              "1.14.10-gke.34",
              "1.14.10-gke.32",
              "1.14.10-gke.31",
              "1.14.10-gke.27"
            ],
            "valid_node_versions": [
              "1.16.8-gke.12",
              "1.16.8-gke.9",
              "1.15.11-gke.12",
              "1.15.11-gke.11",
              "1.15.11-gke.9",
              "1.15.11-gke.5",
              "1.15.11-gke.3",
              "1.15.11-gke.1",
              "1.15.9-gke.26",
              "1.15.9-gke.24",
              "1.15.9-gke.22",
              "1.15.9-gke.12",
              "1.15.9-gke.9",
              "1.15.9-gke.8",
              "1.15.8-gke.3",
              "1.15.8-gke.2",
              "1.15.7-gke.23",
              "1.15.7-gke.2",
              "1.15.4-gke.22",
              "1.14.10-gke.37",
              "1.14.10-gke.36",
              "1.14.10-gke.34",
              "1.14.10-gke.32",
              "1.14.10-gke.31",
              "1.14.10-gke.27",
              "1.14.10-gke.24",
              "1.14.10-gke.22",
              "1.14.10-gke.21",
              "1.14.10-gke.17",
              "1.14.10-gke.0",
              "1.14.9-gke.23",
              "1.14.9-gke.2",
              "1.14.9-gke.0",
              "1.14.8-gke.33",
              "1.14.8-gke.21",
              "1.14.8-gke.18",
              "1.14.8-gke.17",
              "1.14.8-gke.14",
              "1.14.8-gke.12",
              "1.14.8-gke.7",
              "1.14.8-gke.2",
              "1.14.7-gke.40",
              "1.14.7-gke.25",
              "1.14.7-gke.23",
              "1.14.7-gke.17",
              "1.14.7-gke.14",
              "1.14.7-gke.10",
              "1.14.6-gke.13",
              "1.14.6-gke.2",
              "1.14.6-gke.1",
              "1.14.3-gke.11",
              "1.14.3-gke.10",
              "1.14.3-gke.9",
              "1.14.2-gke.9",
              "1.14.1-gke.5",
              "1.13.12-gke.30",
              "1.13.12-gke.25",
              "1.13.12-gke.17",
              "1.13.12-gke.16",
              "1.13.12-gke.14",
              "1.13.12-gke.13",
              "1.13.12-gke.10",
              "1.13.12-gke.8",
              "1.13.12-gke.4",
              "1.13.12-gke.2",
              "1.13.11-gke.23",
              "1.13.11-gke.15",
              "1.13.11-gke.14",
              "1.13.11-gke.12",
              "1.13.11-gke.11",
              "1.13.11-gke.9",
              "1.13.11-gke.5",
              "1.13.10-gke.7",
              "1.13.10-gke.0",
              "1.13.9-gke.11",
              "1.13.9-gke.3",
              "1.13.7-gke.24",
              "1.13.7-gke.19",
              "1.13.7-gke.15",
              "1.13.7-gke.8",
              "1.13.7-gke.0",
              "1.13.6-gke.13",
              "1.13.6-gke.6",
              "1.13.6-gke.5",
              "1.13.6-gke.0",
              "1.13.5-gke.10",
              "1.12.10-gke.22",
              "1.12.10-gke.20",
              "1.12.10-gke.19",
              "1.12.10-gke.18",
              "1.12.10-gke.17",
              "1.12.10-gke.15",
              "1.12.10-gke.13",
              "1.12.10-gke.11",
              "1.12.10-gke.5",
              "1.12.9-gke.16",
              "1.12.9-gke.15",
              "1.12.9-gke.13",
              "1.12.9-gke.10",
              "1.12.9-gke.7",
              "1.12.9-gke.3",
              "1.12.8-gke.12",
              "1.12.8-gke.10",
              "1.12.8-gke.7",
              "1.12.8-gke.6",
              "1.12.7-gke.26",
              "1.12.7-gke.25",
              "1.12.7-gke.24",
              "1.12.7-gke.22",
              "1.12.7-gke.21",
              "1.12.7-gke.17",
              "1.12.7-gke.10",
              "1.12.7-gke.7",
              "1.12.6-gke.11",
              "1.12.6-gke.10",
              "1.12.6-gke.7",
              "1.12.5-gke.10",
              "1.12.5-gke.5",
              "1.11.10-gke.6",
              "1.11.10-gke.5",
              "1.11.10-gke.4",
              "1.11.9-gke.13",
              "1.11.9-gke.8",
              "1.11.9-gke.5",
              "1.11.8-gke.10",
              "1.11.8-gke.6",
              "1.11.8-gke.5",
              "1.11.8-gke.4",
              "1.11.7-gke.18",
              "1.11.7-gke.12",
              "1.11.7-gke.6",
              "1.11.7-gke.4",
              "1.11.6-gke.16",
              "1.11.6-gke.11",
              "1.11.6-gke.6",
              "1.11.6-gke.3",
              "1.11.6-gke.2",
              "1.11.6-gke.0",
              "1.11.5-gke.5",
              "1.11.5-gke.4",
              "1.11.4-gke.13",
              "1.11.4-gke.12",
              "1.11.4-gke.8",
              "1.11.3-gke.24",
              "1.11.3-gke.23",
              "1.11.3-gke.18",
              "1.11.2-gke.26",
              "1.11.2-gke.25",
              "1.11.2-gke.20",
              "1.11.2-gke.18",
              "1.11.2-gke.15",
              "1.11.2-gke.9",
              "1.10.12-gke.14",
              "1.10.12-gke.9",
              "1.10.12-gke.7",
              "1.10.12-gke.1",
              "1.10.12-gke.0",
              "1.10.11-gke.1",
              "1.10.9-gke.7",
              "1.10.9-gke.5",
              "1.10.9-gke.3",
              "1.10.9-gke.0",
              "1.10.7-gke.13",
              "1.10.7-gke.11",
              "1.10.7-gke.9",
              "1.10.7-gke.6",
              "1.10.7-gke.2",
              "1.10.7-gke.1",
              "1.10.6-gke.13",
              "1.10.6-gke.11",
              "1.10.6-gke.9",
              "1.10.6-gke.6",
              "1.10.6-gke.4",
              "1.10.6-gke.3",
              "1.10.6-gke.2",
              "1.10.6-gke.1",
              "1.10.5-gke.4",
              "1.10.5-gke.3",
              "1.10.5-gke.2",
              "1.10.5-gke.0",
              "1.10.4-gke.3",
              "1.10.4-gke.2",
              "1.10.4-gke.0",
              "1.10.2-gke.4",
              "1.10.2-gke.3",
              "1.10.2-gke.1",
              "1.9.7-gke.11",
              "1.9.7-gke.7",
              "1.9.7-gke.6",
              "1.9.7-gke.5",
              "1.9.7-gke.4",
              "1.9.7-gke.3",
              "1.9.7-gke.1",
              "1.9.7-gke.0",
              "1.9.6-gke.2",
              "1.9.6-gke.1",
              "1.9.3-gke.0",
              "1.8.12-gke.3",
              "1.8.12-gke.2",
              "1.8.12-gke.1",
              "1.8.12-gke.0",
              "1.8.10-gke.2",
              "1.8.10-gke.0",
              "1.8.9-gke.1",
              "1.8.8-gke.0",
              "1.7.15-gke.0",
              "1.7.12-gke.2",
              "1.6.13-gke.1"
            ],
            "version_prefix": null,
            "zone": null
          }
        }
      ]
    },
    {
      "module": "module.kubernetes.module.gke",
      "mode": "data",
      "type": "google_container_engine_versions",
      "name": "zone",
      "provider": "module.kubernetes.provider.google",
      "instances": [
        {
          "schema_version": 0,
          "attributes": {
            "default_cluster_version": "1.14.10-gke.27",
            "id": "2020-05-09 19:56:30.129828571 +0000 UTC",
            "latest_master_version": "1.15.11-gke.12",
            "latest_node_version": "1.16.8-gke.12",
            "location": "us-central1-a",
            "project": "mlevostre-project",
            "region": null,
            "valid_master_versions": [
              "1.15.11-gke.12",
              "1.15.11-gke.11",
              "1.15.11-gke.9",
              "1.15.11-gke.5",
              "1.15.11-gke.3",
              "1.15.9-gke.24",
              "1.14.10-gke.37",
              "1.14.10-gke.36",
              "1.14.10-gke.34",
              "1.14.10-gke.32",
              "1.14.10-gke.31",
              "1.14.10-gke.27"
            ],
            "valid_node_versions": [
              "1.16.8-gke.12",
              "1.16.8-gke.9",
              "1.15.11-gke.12",
              "1.15.11-gke.11",
              "1.15.11-gke.9",
              "1.15.11-gke.5",
              "1.15.11-gke.3",
              "1.15.11-gke.1",
              "1.15.9-gke.26",
              "1.15.9-gke.24",
              "1.15.9-gke.22",
              "1.15.9-gke.12",
              "1.15.9-gke.9",
              "1.15.9-gke.8",
              "1.15.8-gke.3",
              "1.15.8-gke.2",
              "1.15.7-gke.23",
              "1.15.7-gke.2",
              "1.15.4-gke.22",
              "1.14.10-gke.37",
              "1.14.10-gke.36",
              "1.14.10-gke.34",
              "1.14.10-gke.32",
              "1.14.10-gke.31",
              "1.14.10-gke.27",
              "1.14.10-gke.24",
              "1.14.10-gke.22",
              "1.14.10-gke.21",
              "1.14.10-gke.17",
              "1.14.10-gke.0",
              "1.14.9-gke.23",
              "1.14.9-gke.2",
              "1.14.9-gke.0",
              "1.14.8-gke.33",
              "1.14.8-gke.21",
              "1.14.8-gke.18",
              "1.14.8-gke.17",
              "1.14.8-gke.14",
              "1.14.8-gke.12",
              "1.14.8-gke.7",
              "1.14.8-gke.2",
              "1.14.7-gke.40",
              "1.14.7-gke.25",
              "1.14.7-gke.23",
              "1.14.7-gke.17",
              "1.14.7-gke.14",
              "1.14.7-gke.10",
              "1.14.6-gke.13",
              "1.14.6-gke.2",
              "1.14.6-gke.1",
              "1.14.3-gke.11",
              "1.14.3-gke.10",
              "1.14.3-gke.9",
              "1.14.2-gke.9",
              "1.14.1-gke.5",
              "1.13.12-gke.30",
              "1.13.12-gke.25",
              "1.13.12-gke.17",
              "1.13.12-gke.16",
              "1.13.12-gke.14",
              "1.13.12-gke.13",
              "1.13.12-gke.10",
              "1.13.12-gke.8",
              "1.13.12-gke.4",
              "1.13.12-gke.2",
              "1.13.11-gke.23",
              "1.13.11-gke.15",
              "1.13.11-gke.14",
              "1.13.11-gke.12",
              "1.13.11-gke.11",
              "1.13.11-gke.9",
              "1.13.11-gke.5",
              "1.13.10-gke.7",
              "1.13.10-gke.0",
              "1.13.9-gke.11",
              "1.13.9-gke.3",
              "1.13.7-gke.24",
              "1.13.7-gke.19",
              "1.13.7-gke.15",
              "1.13.7-gke.8",
              "1.13.7-gke.0",
              "1.13.6-gke.13",
              "1.13.6-gke.6",
              "1.13.6-gke.5",
              "1.13.6-gke.0",
              "1.13.5-gke.10",
              "1.12.10-gke.22",
              "1.12.10-gke.20",
              "1.12.10-gke.19",
              "1.12.10-gke.18",
              "1.12.10-gke.17",
              "1.12.10-gke.15",
              "1.12.10-gke.13",
              "1.12.10-gke.11",
              "1.12.10-gke.5",
              "1.12.9-gke.16",
              "1.12.9-gke.15",
              "1.12.9-gke.13",
              "1.12.9-gke.10",
              "1.12.9-gke.7",
              "1.12.9-gke.3",
              "1.12.8-gke.12",
              "1.12.8-gke.10",
              "1.12.8-gke.7",
              "1.12.8-gke.6",
              "1.12.7-gke.26",
              "1.12.7-gke.25",
              "1.12.7-gke.24",
              "1.12.7-gke.22",
              "1.12.7-gke.21",
              "1.12.7-gke.17",
              "1.12.7-gke.10",
              "1.12.7-gke.7",
              "1.12.6-gke.11",
              "1.12.6-gke.10",
              "1.12.6-gke.7",
              "1.12.5-gke.10",
              "1.12.5-gke.5",
              "1.11.10-gke.6",
              "1.11.10-gke.5",
              "1.11.10-gke.4",
              "1.11.9-gke.13",
              "1.11.9-gke.8",
              "1.11.9-gke.5",
              "1.11.8-gke.10",
              "1.11.8-gke.6",
              "1.11.8-gke.5",
              "1.11.8-gke.4",
              "1.11.7-gke.18",
              "1.11.7-gke.12",
              "1.11.7-gke.6",
              "1.11.7-gke.4",
              "1.11.6-gke.16",
              "1.11.6-gke.11",
              "1.11.6-gke.6",
              "1.11.6-gke.3",
              "1.11.6-gke.2",
              "1.11.6-gke.0",
              "1.11.5-gke.5",
              "1.11.5-gke.4",
              "1.11.4-gke.13",
              "1.11.4-gke.12",
              "1.11.4-gke.8",
              "1.11.3-gke.24",
              "1.11.3-gke.23",
              "1.11.3-gke.18",
              "1.11.2-gke.26",
              "1.11.2-gke.25",
              "1.11.2-gke.20",
              "1.11.2-gke.18",
              "1.11.2-gke.15",
              "1.11.2-gke.9",
              "1.10.12-gke.14",
              "1.10.12-gke.9",
              "1.10.12-gke.7",
              "1.10.12-gke.1",
              "1.10.12-gke.0",
              "1.10.11-gke.1",
              "1.10.9-gke.7",
              "1.10.9-gke.5",
              "1.10.9-gke.3",
              "1.10.9-gke.0",
              "1.10.7-gke.13",
              "1.10.7-gke.11",
              "1.10.7-gke.9",
              "1.10.7-gke.6",
              "1.10.7-gke.2",
              "1.10.7-gke.1",
              "1.10.6-gke.13",
              "1.10.6-gke.11",
              "1.10.6-gke.9",
              "1.10.6-gke.6",
              "1.10.6-gke.4",
              "1.10.6-gke.3",
              "1.10.6-gke.2",
              "1.10.6-gke.1",
              "1.10.5-gke.4",
              "1.10.5-gke.3",
              "1.10.5-gke.2",
              "1.10.5-gke.0",
              "1.10.4-gke.3",
              "1.10.4-gke.2",
              "1.10.4-gke.0",
              "1.10.2-gke.4",
              "1.10.2-gke.3",
              "1.10.2-gke.1",
              "1.9.7-gke.11",
              "1.9.7-gke.7",
              "1.9.7-gke.6",
              "1.9.7-gke.5",
              "1.9.7-gke.4",
              "1.9.7-gke.3",
              "1.9.7-gke.1",
              "1.9.7-gke.0",
              "1.9.6-gke.2",
              "1.9.6-gke.1",
              "1.9.3-gke.0",
              "1.8.12-gke.3",
              "1.8.12-gke.2",
              "1.8.12-gke.1",
              "1.8.12-gke.0",
              "1.8.10-gke.2",
              "1.8.10-gke.0",
              "1.8.9-gke.1",
              "1.8.8-gke.0",
              "1.7.15-gke.0",
              "1.7.12-gke.2",
              "1.6.13-gke.1"
            ],
            "version_prefix": null,
            "zone": null
          }
        }
      ]
    },
    {
      "module": "module.kubernetes.module.aliased-subnetwork",
      "mode": "data",
      "type": "template_file",
      "name": "secondary_range_cidrs",
      "each": "list",
      "provider": "provider.template",
      "instances": [
        {
          "index_key": 0,
          "schema_version": 0,
          "attributes": {
            "filename": null,
            "id": "e66e41929dfb506bad501381ec4b3cf6fa89bb39f17c5ed0c44ed04430ee67e5",
            "rendered": "10.101.0.0/21",
            "template": "10.101.0.0/21",
            "vars": null
          }
        },
        {
          "index_key": 1,
          "schema_version": 0,
          "attributes": {
            "filename": null,
            "id": "90e4ed0f9b2252b44485e2ba0e7cca8eb50e5b3ee4e4d19d8aa86108c353db2c",
            "rendered": "10.102.0.0/24",
            "template": "10.102.0.0/24",
            "vars": null
          }
        }
      ]
    },
    {
      "module": "module.kubernetes.module.aliased-subnetwork",
      "mode": "data",
      "type": "template_file",
      "name": "secondary_range_names",
      "each": "list",
      "provider": "provider.template",
      "instances": [
        {
          "index_key": 0,
          "schema_version": 0,
          "attributes": {
            "filename": null,
            "id": "33a871b4c327d73b2757f408b310d3ce8e6a856d37d49c6ac16f6c33e50cbe39",
            "rendered": "range-1",
            "template": "range-1",
            "vars": null
          }
        },
        {
          "index_key": 1,
          "schema_version": 0,
          "attributes": {
            "filename": null,
            "id": "219fb62f43ae967e2f2e0bb020e18dc118028b0132896d15458ec88e20b28c4c",
            "rendered": "range-2",
            "template": "range-2",
            "vars": null
          }
        }
      ]
    },
    {
      "module": "module.kubernetes.module.gke",
      "mode": "managed",
      "type": "google_compute_firewall",
      "name": "intra_egress",
      "each": "list",
      "provider": "module.kubernetes.provider.google",
      "instances": []
    },
    {
      "module": "module.kubernetes.module.gke",
      "mode": "managed",
      "type": "google_compute_firewall",
      "name": "master_webhooks",
      "each": "list",
      "provider": "module.kubernetes.provider.google",
      "instances": []
    },
    {
      "module": "module.kubernetes",
      "mode": "managed",
      "type": "google_compute_network",
      "name": "vpc_network",
      "provider": "module.kubernetes.provider.google",
      "instances": [
        {
          "schema_version": 0,
          "attributes": {
            "auto_create_subnetworks": false,
            "delete_default_routes_on_create": false,
            "description": "",
            "gateway_ipv4": "",
            "id": "projects/mlevostre-project/global/networks/mlevostre-kubernetes-cluster-vpc",
            "ipv4_range": null,
            "name": "mlevostre-kubernetes-cluster-vpc",
            "project": "mlevostre-project",
            "routing_mode": "REGIONAL",
            "self_link": "https://www.googleapis.com/compute/v1/projects/mlevostre-project/global/networks/mlevostre-kubernetes-cluster-vpc",
            "timeouts": null
          },
          "private": "eyJlMmJmYjczMC1lY2FhLTExZTYtOGY4OC0zNDM2M2JjN2M0YzAiOnsiY3JlYXRlIjoyNDAwMDAwMDAwMDAsImRlbGV0ZSI6MjQwMDAwMDAwMDAwLCJ1cGRhdGUiOjI0MDAwMDAwMDAwMH19"
        }
      ]
    },
    {
      "module": "module.kubernetes.module.aliased-subnetwork",
      "mode": "managed",
      "type": "google_compute_subnetwork",
      "name": "basic",
      "each": "list",
      "provider": "module.kubernetes.provider.google",
      "instances": []
    },
    {
      "module": "module.kubernetes.module.aliased-subnetwork",
      "mode": "managed",
      "type": "google_compute_subnetwork",
      "name": "ranged",
      "each": "list",
      "provider": "module.kubernetes.provider.google",
      "instances": [
        {
          "index_key": 0,
          "schema_version": 0,
          "attributes": {
            "creation_timestamp": "2020-05-09T12:56:45.465-07:00",
            "description": "aliased-subnet subnetwork",
            "enable_flow_logs": null,
            "fingerprint": null,
            "gateway_address": "10.100.0.1",
            "id": "projects/mlevostre-project/regions/us-central1/subnetworks/aliased-subnet",
            "ip_cidr_range": "10.100.0.0/24",
            "log_config": [],
            "name": "aliased-subnet",
            "network": "https://www.googleapis.com/compute/v1/projects/mlevostre-project/global/networks/mlevostre-kubernetes-cluster-vpc",
            "private_ip_google_access": true,
            "project": "mlevostre-project",
            "region": "us-central1",
            "secondary_ip_range": [
              {
                "ip_cidr_range": "10.101.0.0/21",
                "range_name": "range-1"
              },
              {
                "ip_cidr_range": "10.102.0.0/24",
                "range_name": "range-2"
              }
            ],
            "self_link": "https://www.googleapis.com/compute/v1/projects/mlevostre-project/regions/us-central1/subnetworks/aliased-subnet",
            "timeouts": null
          },
          "private": "eyJlMmJmYjczMC1lY2FhLTExZTYtOGY4OC0zNDM2M2JjN2M0YzAiOnsiY3JlYXRlIjozNjAwMDAwMDAwMDAsImRlbGV0ZSI6MzYwMDAwMDAwMDAwLCJ1cGRhdGUiOjM2MDAwMDAwMDAwMH19",
          "dependencies": [
            "module.kubernetes.google_compute_network.vpc_network"
          ]
        }
      ]
    },
    {
      "module": "module.kubernetes.module.gke",
      "mode": "managed",
      "type": "google_container_cluster",
      "name": "primary",
      "provider": "module.kubernetes.provider.google",
      "instances": [
        {
          "schema_version": 1,
          "attributes": {
            "additional_zones": [],
            "addons_config": [
              {
                "horizontal_pod_autoscaling": [
                  {
                    "disabled": false
                  }
                ],
                "http_load_balancing": [
                  {
                    "disabled": true
                  }
                ],
                "kubernetes_dashboard": [],
                "network_policy_config": [
                  {
                    "disabled": false
                  }
                ]
              }
            ],
            "authenticator_groups_config": [],
            "cluster_autoscaling": [
              {
                "auto_provisioning_defaults": [],
                "enabled": false,
                "resource_limits": []
              }
            ],
            "cluster_ipv4_cidr": "10.101.0.0/21",
            "default_max_pods_per_node": 110,
            "description": "",
            "enable_binary_authorization": false,
            "enable_intranode_visibility": null,
            "enable_kubernetes_alpha": false,
            "enable_legacy_abac": false,
            "enable_tpu": null,
            "endpoint": "35.193.201.250",
            "id": "projects/mlevostre-project/locations/us-central1/clusters/mlevostre-kubernetes-cluster",
            "initial_node_count": 0,
            "instance_group_urls": [
              "https://www.googleapis.com/compute/v1/projects/mlevostre-project/zones/us-central1-b/instanceGroups/gke-mlevostre-kubernetes-default-pool-8c73adaa-grp",
              "https://www.googleapis.com/compute/v1/projects/mlevostre-project/zones/us-central1-c/instanceGroups/gke-mlevostre-kubernetes-default-pool-0daefc3d-grp",
              "https://www.googleapis.com/compute/v1/projects/mlevostre-project/zones/us-central1-a/instanceGroups/gke-mlevostre-kubernetes-default-pool-276e7826-grp"
            ],
            "ip_allocation_policy": [
              {
                "cluster_ipv4_cidr_block": "10.101.0.0/21",
                "cluster_secondary_range_name": "range-1",
                "node_ipv4_cidr_block": "",
                "services_ipv4_cidr_block": "10.102.0.0/24",
                "services_secondary_range_name": "range-2",
                "subnetwork_name": ""
              }
            ],
            "label_fingerprint": "a9dc16a7",
            "location": "us-central1",
            "logging_service": "logging.googleapis.com/kubernetes",
            "maintenance_policy": [
              {
                "daily_maintenance_window": [
                  {
                    "duration": "PT4H0M0S",
                    "start_time": "05:00"
                  }
                ],
                "recurring_window": []
              }
            ],
            "master_auth": [
              {
                "client_certificate": "",
                "client_certificate_config": [
                  {
                    "issue_client_certificate": false
                  }
                ],
                "client_key": "",
                "cluster_ca_certificate": "LS0tLS1CRUdJTiBDRVJUSUZJQ0FURS0tLS0tCk1JSURERENDQWZTZ0F3SUJBZ0lSQVBVZDFMdTFQSElWU3o5YXkrVjFCMEl3RFFZSktvWklodmNOQVFFTEJRQXcKTHpFdE1Dc0dBMVVFQXhNa056azRaVEV6T1RrdE5HSmtOUzAwWWpjekxXRXpZemN0TXpGaVlqRmtabUptWmpRMwpNQjRYRFRJd01EVXdPVEU0TlRjd04xb1hEVEkxTURVd09ERTVOVGN3TjFvd0x6RXRNQ3NHQTFVRUF4TWtOems0ClpURXpPVGt0TkdKa05TMDBZamN6TFdFell6Y3RNekZpWWpGa1ptSm1aalEzTUlJQklqQU5CZ2txaGtpRzl3MEIKQVFFRkFBT0NBUThBTUlJQkNnS0NBUUVBcXhSdmhHMGsxUTFiWWRGNHdWdXd2azZCa0RVRUNuUUdiNmtETHFUdQpZL3E2dEY4QlZQc1huM2N0SmdIOGhDQnovWmlFcVpNSXpGTW55dFF2Tkl4TmpvSVJNeE5NYTRMNHFCRXQxR21xCk1CYk1IcFBnOXZtU3RqUG82K3V2S09sNXpFVE5qWUgveFFiU3JnNU8yRTduaUdZSXlaTzhEYU83MXZjZWgxOHAKUXNQZmN1d3JES2JLei9XNnRXTmg3eEYzekxpc0JzVEVyR0dybUVkdHI5enhYbWNYVExQTjlnL0pwMU1LZzhhRApPZ01QSnF4WHdhZGVIQ01zV0JaMkRnaXMwK3crVGhhcEtnWms2WnZVNXJ6QlVIZGNxSmlubkwvOHhBTWlaejJhCjEvVEFPOUFVbEo4V05mT245OUJJU2k4NUJPTFNhU3NBN2w2ZDlOYStZVmdCcFFJREFRQUJveU13SVRBT0JnTlYKSFE4QkFmOEVCQU1DQWdRd0R3WURWUjBUQVFIL0JBVXdBd0VCL3pBTkJna3Foa2lHOXcwQkFRc0ZBQU9DQVFFQQpobTdhQ2V6U1dIRjVHMEY2Ti93YTdOWG1DRWZXdmZMczM3WlNrUXRBZnM2VzFJd0FETGZMM3ZPb2JqWUlpYWZ6ClZBZHhaWVNJVWpuVUJTM0J1S0RMUWhubFIydU1hczFCUm94M2FaSW5aZnI4bTNHdVgrb0ZrR0t2Um5zaDh2TlcKK0Y1cHRGVHJFenVQZHp3V2VVWTc5YnZHM1hrNHhFUWdSTGw4US9ubEdCSWxuMkFkY2x3M1I2TThhRGtldDJEQQp3Z01tYm50RFR6Q3I2R2dMcm5FcVpjWWtSQnE5b0FlNXl1TVlaV0VqS08xdVhDd1VHYms3MDlTTk9zVWdnNVliCjkrRFcwSUppWXR5eitZUWpKU0dxeHk5RUNpKy9ZVG4rQkljdUZWOFQrMnRFM2gwWXhlMnB0eGtlYWIzYWpOamUKaU9vVGJEUG9RaUtZblBENHFFZjhCUT09Ci0tLS0tRU5EIENFUlRJRklDQVRFLS0tLS0K",
                "password": "",
                "username": ""
              }
            ],
            "master_authorized_networks_config": [],
            "master_version": "1.15.11-gke.12",
            "min_master_version": "1.15.11-gke.12",
            "monitoring_service": "monitoring.googleapis.com/kubernetes",
            "name": "mlevostre-kubernetes-cluster",
            "network": "projects/mlevostre-project/global/networks/mlevostre-kubernetes-cluster-vpc",
            "network_policy": [
              {
                "enabled": true,
                "provider": "CALICO"
              }
            ],
            "node_config": [
              {
                "disk_size_gb": 100,
                "disk_type": "pd-standard",
                "guest_accelerator": [],
                "image_type": "COS",
                "labels": {},
                "local_ssd_count": 0,
                "machine_type": "n1-standard-1",
                "metadata": {
                  "disable-legacy-endpoints": "true"
                },
                "min_cpu_platform": "",
                "oauth_scopes": [
                  "https://www.googleapis.com/auth/logging.write",
                  "https://www.googleapis.com/auth/monitoring"
                ],
                "preemptible": false,
                "sandbox_config": [],
                "service_account": "default",
                "shielded_instance_config": [
                  {
                    "enable_integrity_monitoring": true,
                    "enable_secure_boot": false
                  }
                ],
                "tags": [],
                "taint": [],
                "workload_metadata_config": []
              }
            ],
            "node_locations": [
              "us-central1-a",
              "us-central1-b",
              "us-central1-c"
            ],
            "node_pool": [
              {
                "autoscaling": [],
                "initial_node_count": 0,
                "instance_group_urls": [
                  "https://www.googleapis.com/compute/v1/projects/mlevostre-project/zones/us-central1-b/instanceGroupManagers/gke-mlevostre-kubernetes-default-pool-8c73adaa-grp",
                  "https://www.googleapis.com/compute/v1/projects/mlevostre-project/zones/us-central1-c/instanceGroupManagers/gke-mlevostre-kubernetes-default-pool-0daefc3d-grp",
                  "https://www.googleapis.com/compute/v1/projects/mlevostre-project/zones/us-central1-a/instanceGroupManagers/gke-mlevostre-kubernetes-default-pool-276e7826-grp"
                ],
                "management": [
                  {
                    "auto_repair": false,
                    "auto_upgrade": true
                  }
                ],
                "max_pods_per_node": 110,
                "name": "default-pool",
                "name_prefix": "",
                "node_config": [
                  {
                    "disk_size_gb": 100,
                    "disk_type": "pd-standard",
                    "guest_accelerator": [],
                    "image_type": "COS",
                    "labels": {},
                    "local_ssd_count": 0,
                    "machine_type": "n1-standard-1",
                    "metadata": {
                      "disable-legacy-endpoints": "true"
                    },
                    "min_cpu_platform": "",
                    "oauth_scopes": [
                      "https://www.googleapis.com/auth/logging.write",
                      "https://www.googleapis.com/auth/monitoring"
                    ],
                    "preemptible": false,
                    "sandbox_config": [],
                    "service_account": "default",
                    "shielded_instance_config": [
                      {
                        "enable_integrity_monitoring": true,
                        "enable_secure_boot": false
                      }
                    ],
                    "tags": null,
                    "taint": [],
                    "workload_metadata_config": []
                  }
                ],
                "node_count": 0,
                "upgrade_settings": [
                  {
                    "max_surge": 1,
                    "max_unavailable": 0
                  }
                ],
                "version": "1.15.11-gke.12"
              }
            ],
            "node_version": "1.15.11-gke.12",
            "operation": null,
            "pod_security_policy_config": null,
            "private_cluster_config": [],
            "project": "mlevostre-project",
            "region": null,
            "remove_default_node_pool": false,
            "resource_labels": null,
            "resource_usage_export_config": [],
            "services_ipv4_cidr": "10.102.0.0/24",
            "subnetwork": "projects/mlevostre-project/regions/us-central1/subnetworks/aliased-subnet",
            "timeouts": {
              "create": "45m",
              "delete": "45m",
              "update": "45m"
            },
            "vertical_pod_autoscaling": [],
            "zone": null
          },
          "private": "eyJlMmJmYjczMC1lY2FhLTExZTYtOGY4OC0zNDM2M2JjN2M0YzAiOnsiY3JlYXRlIjoyNzAwMDAwMDAwMDAwLCJkZWxldGUiOjI3MDAwMDAwMDAwMDAsInVwZGF0ZSI6MjcwMDAwMDAwMDAwMH0sInNjaGVtYV92ZXJzaW9uIjoiMSJ9",
          "dependencies": [
            "module.kubernetes.google_compute_network.vpc_network",
            "module.kubernetes.module.aliased-subnetwork.google_compute_subnetwork.basic",
            "module.kubernetes.module.aliased-subnetwork.google_compute_subnetwork.ranged",
            "module.kubernetes.module.gke.google_service_account.cluster_service_account",
            "module.kubernetes.module.gke.random_shuffle.available_zones"
          ]
        }
      ]
    },
    {
      "module": "module.kubernetes.module.gke",
      "mode": "managed",
      "type": "google_container_node_pool",
      "name": "pools",
      "each": "map",
      "provider": "module.kubernetes.provider.google",
      "instances": [
        {
          "index_key": "default-node-pool",
          "schema_version": 1,
          "attributes": {
            "autoscaling": [
              {
                "max_node_count": 100,
                "min_node_count": 1
              }
            ],
            "cluster": "mlevostre-kubernetes-cluster",
            "id": "projects/mlevostre-project/locations/us-central1/clusters/mlevostre-kubernetes-cluster/nodePools/default-node-pool",
            "initial_node_count": 1,
            "instance_group_urls": [
              "https://www.googleapis.com/compute/v1/projects/mlevostre-project/zones/us-central1-b/instanceGroupManagers/gke-mlevostre-kubern-default-node-poo-df6e35cf-grp",
              "https://www.googleapis.com/compute/v1/projects/mlevostre-project/zones/us-central1-c/instanceGroupManagers/gke-mlevostre-kubern-default-node-poo-0cd6768e-grp",
              "https://www.googleapis.com/compute/v1/projects/mlevostre-project/zones/us-central1-a/instanceGroupManagers/gke-mlevostre-kubern-default-node-poo-cbaf27ed-grp"
            ],
            "location": "us-central1",
            "management": [
              {
                "auto_repair": true,
                "auto_upgrade": true
              }
            ],
            "max_pods_per_node": 110,
            "name": "default-node-pool",
            "name_prefix": "",
            "node_config": [
              {
                "disk_size_gb": 100,
                "disk_type": "pd-standard",
                "guest_accelerator": [],
                "image_type": "COS",
                "labels": {
                  "cluster_name": "mlevostre-kubernetes-cluster",
                  "node_pool": "default-node-pool"
                },
                "local_ssd_count": 0,
                "machine_type": "n1-standard-2",
                "metadata": {
                  "cluster_name": "mlevostre-kubernetes-cluster",
                  "disable-legacy-endpoints": "true",
                  "node_pool": "default-node-pool"
                },
                "min_cpu_platform": "",
                "oauth_scopes": [
                  "https://www.googleapis.com/auth/cloud-platform"
                ],
                "preemptible": false,
                "sandbox_config": [],
                "service_account": "default",
                "shielded_instance_config": [
                  {
                    "enable_integrity_monitoring": true,
                    "enable_secure_boot": false
                  }
                ],
                "tags": [
                  "gke-mlevostre-kubernetes-cluster",
                  "gke-mlevostre-kubernetes-cluster-default-node-pool"
                ],
                "taint": [],
                "workload_metadata_config": []
              }
            ],
            "node_count": 1,
            "project": "mlevostre-project",
            "region": null,
            "timeouts": {
              "create": "45m",
              "delete": "45m",
              "update": "45m"
            },
            "upgrade_settings": [
              {
                "max_surge": 1,
                "max_unavailable": 0
              }
            ],
            "version": "1.15.11-gke.12",
            "zone": null
          },
          "private": "eyJlMmJmYjczMC1lY2FhLTExZTYtOGY4OC0zNDM2M2JjN2M0YzAiOnsiY3JlYXRlIjoyNzAwMDAwMDAwMDAwLCJkZWxldGUiOjI3MDAwMDAwMDAwMDAsInVwZGF0ZSI6MjcwMDAwMDAwMDAwMH0sInNjaGVtYV92ZXJzaW9uIjoiMSJ9",
          "dependencies": [
            "module.kubernetes.google_compute_network.vpc_network",
            "module.kubernetes.module.aliased-subnetwork.google_compute_subnetwork.basic",
            "module.kubernetes.module.aliased-subnetwork.google_compute_subnetwork.ranged",
            "module.kubernetes.module.gke.google_container_cluster.primary",
            "module.kubernetes.module.gke.google_service_account.cluster_service_account",
            "module.kubernetes.module.gke.random_shuffle.available_zones"
          ]
        }
      ]
    },
    {
      "module": "module.kubernetes.module.gke",
      "mode": "managed",
      "type": "google_project_iam_member",
      "name": "cluster_service_account-gcr",
      "each": "list",
      "provider": "module.kubernetes.provider.google",
      "instances": []
    },
    {
      "module": "module.kubernetes.module.gke",
      "mode": "managed",
      "type": "google_project_iam_member",
      "name": "cluster_service_account-log_writer",
      "each": "list",
      "provider": "module.kubernetes.provider.google",
      "instances": []
    },
    {
      "module": "module.kubernetes.module.gke",
      "mode": "managed",
      "type": "google_project_iam_member",
      "name": "cluster_service_account-metric_writer",
      "each": "list",
      "provider": "module.kubernetes.provider.google",
      "instances": []
    },
    {
      "module": "module.kubernetes.module.gke",
      "mode": "managed",
      "type": "google_project_iam_member",
      "name": "cluster_service_account-monitoring_viewer",
      "each": "list",
      "provider": "module.kubernetes.provider.google",
      "instances": []
    },
    {
      "module": "module.kubernetes.module.gke",
      "mode": "managed",
      "type": "google_project_iam_member",
      "name": "cluster_service_account-resourceMetadata-writer",
      "each": "list",
      "provider": "module.kubernetes.provider.google",
      "instances": []
    },
    {
      "module": "module.kubernetes.module.gke",
      "mode": "managed",
      "type": "google_service_account",
      "name": "cluster_service_account",
      "each": "list",
      "provider": "module.kubernetes.provider.google",
      "instances": []
    },
    {
      "module": "module.kubernetes.module.gke",
      "mode": "managed",
      "type": "kubernetes_config_map",
      "name": "ip-masq-agent",
      "each": "list",
      "provider": "module.kubernetes.module.gke.provider.kubernetes",
      "instances": []
    },
    {
      "module": "module.kubernetes.module.gke",
      "mode": "managed",
      "type": "kubernetes_config_map",
      "name": "kube-dns",
      "each": "list",
      "provider": "module.kubernetes.module.gke.provider.kubernetes",
      "instances": []
    },
    {
      "module": "module.kubernetes.module.gke",
      "mode": "managed",
      "type": "kubernetes_config_map",
      "name": "kube-dns-upstream-nameservers-and-stub-domains",
      "each": "list",
      "provider": "module.kubernetes.module.gke.provider.kubernetes",
      "instances": []
    },
    {
      "module": "module.kubernetes.module.gke",
      "mode": "managed",
      "type": "kubernetes_config_map",
      "name": "kube-dns-upstream-namservers",
      "each": "list",
      "provider": "module.kubernetes.module.gke.provider.kubernetes",
      "instances": []
    },
    {
      "module": "module.kubernetes",
      "mode": "managed",
      "type": "null_resource",
      "name": "activate_service_account",
      "provider": "provider.null",
      "instances": [
        {
          "schema_version": 0,
          "attributes": {
            "id": "8929983842518081961",
            "triggers": null
          },
          "private": "bnVsbA=="
        }
      ]
    },
    {
      "module": "module.kubernetes.module.gke",
      "mode": "managed",
      "type": "null_resource",
      "name": "delete_default_kube_dns_configmap",
      "each": "list",
      "provider": "provider.null",
      "instances": []
    },
    {
      "module": "module.kubernetes.module.gke",
      "mode": "managed",
      "type": "null_resource",
      "name": "wait_for_cluster",
      "each": "list",
      "provider": "provider.null",
      "instances": [
        {
          "index_key": 0,
          "schema_version": 0,
          "attributes": {
            "id": "1141543273999070196",
            "triggers": {
              "name": "mlevostre-kubernetes-cluster",
              "project_id": "mlevostre-project"
            }
          },
          "private": "bnVsbA==",
          "dependencies": [
            "module.kubernetes.google_compute_network.vpc_network",
            "module.kubernetes.module.aliased-subnetwork.google_compute_subnetwork.basic",
            "module.kubernetes.module.aliased-subnetwork.google_compute_subnetwork.ranged",
            "module.kubernetes.module.gke.google_container_cluster.primary",
            "module.kubernetes.module.gke.google_container_node_pool.pools",
            "module.kubernetes.module.gke.google_service_account.cluster_service_account",
            "module.kubernetes.module.gke.random_shuffle.available_zones"
          ]
        }
      ]
    },
    {
      "module": "module.kubernetes.module.gke",
      "mode": "managed",
      "type": "random_shuffle",
      "name": "available_zones",
      "provider": "provider.random",
      "instances": [
        {
          "schema_version": 0,
          "attributes": {
            "id": "-",
            "input": [
              "us-central1-a",
              "us-central1-b",
              "us-central1-c",
              "us-central1-f"
            ],
            "keepers": null,
            "result": [
              "us-central1-b",
              "us-central1-a",
              "us-central1-c"
            ],
            "result_count": 3,
            "seed": null
          },
          "private": "bnVsbA=="
        }
      ]
    },
    {
      "module": "module.kubernetes.module.gke",
      "mode": "managed",
      "type": "random_string",
      "name": "cluster_service_account_suffix",
      "provider": "provider.random",
      "instances": [
        {
          "schema_version": 1,
          "attributes": {
            "id": "tdqp",
            "keepers": null,
            "length": 4,
            "lower": true,
            "min_lower": 0,
            "min_numeric": 0,
            "min_special": 0,
            "min_upper": 0,
            "number": true,
            "override_special": null,
            "result": "tdqp",
            "special": false,
            "upper": false
          },
          "private": "eyJzY2hlbWFfdmVyc2lvbiI6IjEifQ=="
        }
      ]
    }
  ]
}
